
Microsoft Visual Studio Solution File, Format Version 12.00
# Visual Studio Version 17
VisualStudioVersion = 17.4.33205.214
MinimumVisualStudioVersion = 10.0.40219.1
Project("{9A19103F-16F7-4668-BE54-9A1E7A4F7556}") = "EOL FILE", "EOL FILE.csproj", "{C55D27E2-EA8F-4CB7-AC67-2B8F68211A54}"
EndProject
Global
	GlobalSection(SolutionConfigurationPlatforms) = preSolution
		Debug|Any CPU = Debug|Any CPU
		Debug|x64 = Debug|x64
		Release|Any CPU = Release|Any CPU
		Release|x64 = Release|x64
		TEST|Any CPU = TEST|Any CPU
		TEST|x64 = TEST|x64
	EndGlobalSection
	GlobalSection(ProjectConfigurationPlatforms) = postSolution
		{C55D27E2-EA8F-4CB7-AC67-2B8F68211A54}.Debug|Any CPU.ActiveCfg = Debug|Any CPU
		{C55D27E2-EA8F-4CB7-AC67-2B8F68211A54}.Debug|Any CPU.Build.0 = Debug|Any CPU
		{C55D27E2-EA8F-4CB7-AC67-2B8F68211A54}.Debug|x64.ActiveCfg = Debug|x64
		{C55D27E2-EA8F-4CB7-AC67-2B8F68211A54}.Debug|x64.Build.0 = Debug|x64
		{C55D27E2-EA8F-4CB7-AC67-2B8F68211A54}.Release|Any CPU.ActiveCfg = Release|Any CPU
		{C55D27E2-EA8F-4CB7-AC67-2B8F68211A54}.Release|Any CPU.Build.0 = Release|Any CPU
		{C55D27E2-EA8F-4CB7-AC67-2B8F68211A54}.Release|x64.ActiveCfg = Release|x64
		{C55D27E2-EA8F-4CB7-AC67-2B8F68211A54}.Release|x64.Build.0 = Release|x64
		{C55D27E2-EA8F-4CB7-AC67-2B8F68211A54}.TEST|Any CPU.ActiveCfg = TEST|Any CPU
		{C55D27E2-EA8F-4CB7-AC67-2B8F68211A54}.TEST|Any CPU.Build.0 = TEST|Any CPU
		{C55D27E2-EA8F-4CB7-AC67-2B8F68211A54}.TEST|x64.ActiveCfg = TEST|x64
		{C55D27E2-EA8F-4CB7-AC67-2B8F68211A54}.TEST|x64.Build.0 = TEST|x64
	EndGlobalSection
	GlobalSection(SolutionProperties) = preSolution
		HideSolutionNode = FALSE
	EndGlobalSection
	GlobalSection(ExtensibilityGlobals) = postSolution
		SolutionGuid = {601CEFD5-6108-46AC-8434-DB4C4B9316BA}
	EndGlobalSection
EndGlobal
